{
  "version": 4,
  "terraform_version": "1.9.1",
  "serial": 59,
  "lineage": "67885091-f212-1249-c5e7-e2adb70ddb51",
  "outputs": {},
  "resources": [
    {
      "mode": "data",
      "type": "aws_bedrock_foundation_model",
      "name": "kb",
      "provider": "provider[\"registry.terraform.io/hashicorp/aws\"]",
      "instances": [
        {
          "schema_version": 0,
          "attributes": {
            "customizations_supported": [],
            "id": "amazon.titan-embed-text-v1",
            "inference_types_supported": [
              "ON_DEMAND"
            ],
            "input_modalities": [
              "TEXT"
            ],
            "model_arn": "arn:aws:bedrock:us-east-1::foundation-model/amazon.titan-embed-text-v1",
            "model_id": "amazon.titan-embed-text-v1",
            "model_name": "Titan Embeddings G1 - Text",
            "output_modalities": [
              "EMBEDDING"
            ],
            "provider_name": "Amazon",
            "response_streaming_supported": false
          },
          "sensitive_attributes": []
        }
      ]
    },
    {
      "mode": "managed",
      "type": "aws_iam_role",
      "name": "graphgrc_kb",
      "provider": "provider[\"registry.terraform.io/hashicorp/aws\"]",
      "instances": [
        {
          "schema_version": 0,
          "attributes": {
            "arn": "arn:aws:iam::587066264960:role/AmazonBedrockExecutionRoleForKnowledgeBase_graphgrc_kb",
            "assume_role_policy": "{\"Statement\":[{\"Action\":\"sts:AssumeRole\",\"Condition\":{\"ArnLike\":{\"aws:SourceArn\":\"arn::bedrock:us-east-1:587066264960:knowledge-base/*\"},\"StringEquals\":{\"aws:SourceAccount\":\"587066264960\"}},\"Effect\":\"Allow\",\"Principal\":{\"Service\":\"bedrock.amazonaws.com\"}}],\"Version\":\"2012-10-17\"}",
            "create_date": "2024-07-07T18:32:01Z",
            "description": "",
            "force_detach_policies": false,
            "id": "AmazonBedrockExecutionRoleForKnowledgeBase_graphgrc_kb",
            "inline_policy": [
              {
                "name": "AmazonBedrockFoundationModelPolicyForKnowledgeBase_graphgrc_kb",
                "policy": "{\"Version\":\"2012-10-17\",\"Statement\":[{\"Action\":\"bedrock:InvokeModel\",\"Effect\":\"Allow\",\"Resource\":\"arn:aws:bedrock:us-east-1::foundation-model/amazon.titan-embed-text-v1\"}]}"
              },
              {
                "name": "AmazonBedrockS3PolicyForKnowledgeBase_graphgrc_kb",
                "policy": "{\"Version\":\"2012-10-17\",\"Statement\":[{\"Action\":\"s3:ListBucket\",\"Condition\":{\"StringEquals\":{\"aws:PrincipalAccount\":\"587066264960\"}},\"Effect\":\"Allow\",\"Resource\":\"arn:aws:s3:::graph-grc-kb-dev-dataset\",\"Sid\":\"S3ListBucketStatement\"},{\"Action\":\"s3:GetObject\",\"Condition\":{\"StringEquals\":{\"aws:PrincipalAccount\":\"587066264960\"}},\"Effect\":\"Allow\",\"Resource\":\"arn:aws:s3:::graph-grc-kb-dev-dataset/*\",\"Sid\":\"S3GetObjectStatement\"}]}"
              }
            ],
            "managed_policy_arns": [],
            "max_session_duration": 3600,
            "name": "AmazonBedrockExecutionRoleForKnowledgeBase_graphgrc_kb",
            "name_prefix": "",
            "path": "/",
            "permissions_boundary": "",
            "tags": {},
            "tags_all": {},
            "unique_id": "AROAYRL7AJWAO2WMFD4BK"
          },
          "sensitive_attributes": [],
          "private": "bnVsbA=="
        }
      ]
    },
    {
      "mode": "managed",
      "type": "aws_iam_role_policy",
      "name": "bedrock_kb",
      "provider": "provider[\"registry.terraform.io/hashicorp/aws\"]",
      "instances": [
        {
          "schema_version": 0,
          "attributes": {
            "id": "AmazonBedrockExecutionRoleForKnowledgeBase_graphgrc_kb:AmazonBedrockFoundationModelPolicyForKnowledgeBase_graphgrc_kb",
            "name": "AmazonBedrockFoundationModelPolicyForKnowledgeBase_graphgrc_kb",
            "name_prefix": "",
            "policy": "{\"Version\":\"2012-10-17\",\"Statement\":[{\"Action\":\"bedrock:InvokeModel\",\"Effect\":\"Allow\",\"Resource\":\"arn:aws:bedrock:us-east-1::foundation-model/amazon.titan-embed-text-v1\"}]}",
            "role": "AmazonBedrockExecutionRoleForKnowledgeBase_graphgrc_kb"
          },
          "sensitive_attributes": [],
          "private": "bnVsbA==",
          "dependencies": [
            "aws_iam_role.graphgrc_kb",
            "data.aws_bedrock_foundation_model.kb"
          ]
        }
      ]
    },
    {
      "mode": "managed",
      "type": "aws_iam_role_policy",
      "name": "graphgrc_kb_oss",
      "provider": "provider[\"registry.terraform.io/hashicorp/aws\"]",
      "instances": [
        {
          "schema_version": 0,
          "attributes": {
            "id": "AmazonBedrockExecutionRoleForKnowledgeBase_graphgrc_kb:AmazonBedrockOSSPolicyForKnowledgeBase_graphgrc_kb",
            "name": "AmazonBedrockOSSPolicyForKnowledgeBase_graphgrc_kb",
            "name_prefix": "",
            "policy": "{\"Version\":\"2012-10-17\",\"Statement\":[{\"Action\":\"aoss:APIAccessAll\",\"Effect\":\"Allow\",\"Resource\":\"arn:aws:aoss:us-east-1:587066264960:collection/bl50twbd80xafpg2cu8\"}]}",
            "role": "AmazonBedrockExecutionRoleForKnowledgeBase_graphgrc_kb"
          },
          "sensitive_attributes": [],
          "private": "bnVsbA==",
          "dependencies": [
            "aws_iam_role.graphgrc_kb",
            "aws_opensearchserverless_access_policy.graphgrc_kb",
            "aws_opensearchserverless_collection.graphgrc_kb",
            "aws_opensearchserverless_security_policy.graphgrc_kb_encryption",
            "aws_opensearchserverless_security_policy.graphgrc_kb_network"
          ]
        }
      ]
    },
    {
      "mode": "managed",
      "type": "aws_iam_role_policy",
      "name": "graphgrc_kb_s3",
      "provider": "provider[\"registry.terraform.io/hashicorp/aws\"]",
      "instances": [
        {
          "schema_version": 0,
          "attributes": {
            "id": "AmazonBedrockExecutionRoleForKnowledgeBase_graphgrc_kb:AmazonBedrockS3PolicyForKnowledgeBase_graphgrc_kb",
            "name": "AmazonBedrockS3PolicyForKnowledgeBase_graphgrc_kb",
            "name_prefix": "",
            "policy": "{\"Version\":\"2012-10-17\",\"Statement\":[{\"Action\":\"s3:ListBucket\",\"Condition\":{\"StringEquals\":{\"aws:PrincipalAccount\":\"587066264960\"}},\"Effect\":\"Allow\",\"Resource\":\"arn:aws:s3:::graph-grc-kb-dev-dataset\",\"Sid\":\"S3ListBucketStatement\"},{\"Action\":\"s3:GetObject\",\"Condition\":{\"StringEquals\":{\"aws:PrincipalAccount\":\"587066264960\"}},\"Effect\":\"Allow\",\"Resource\":\"arn:aws:s3:::graph-grc-kb-dev-dataset/*\",\"Sid\":\"S3GetObjectStatement\"}]}",
            "role": "AmazonBedrockExecutionRoleForKnowledgeBase_graphgrc_kb"
          },
          "sensitive_attributes": [],
          "private": "bnVsbA==",
          "dependencies": [
            "aws_iam_role.graphgrc_kb",
            "aws_s3_bucket.graphgrc_kb"
          ]
        }
      ]
    },
    {
      "mode": "managed",
      "type": "aws_opensearchserverless_access_policy",
      "name": "graphgrc_kb",
      "provider": "provider[\"registry.terraform.io/hashicorp/aws\"]",
      "instances": [
        {
          "schema_version": 0,
          "attributes": {
            "description": null,
            "id": "graphgrc-kb",
            "name": "graphgrc-kb",
            "policy": "[{\"Principal\":[\"arn:aws:iam::587066264960:role/AmazonBedrockExecutionRoleForKnowledgeBase_graphgrc_kb\",\"arn:aws:sts::587066264960:assumed-role/JumpCloud--Main--AdminRole/admin@alexsmolen.com\"],\"Rules\":[{\"Permission\":[\"aoss:CreateIndex\",\"aoss:DeleteIndex\",\"aoss:DescribeIndex\",\"aoss:ReadDocument\",\"aoss:UpdateIndex\",\"aoss:WriteDocument\"],\"Resource\":[\"index/graphgrc-kb/*\"],\"ResourceType\":\"index\"},{\"Permission\":[\"aoss:CreateCollectionItems\",\"aoss:DescribeCollectionItems\",\"aoss:UpdateCollectionItems\"],\"Resource\":[\"collection/graphgrc-kb\"],\"ResourceType\":\"collection\"}]}]",
            "policy_version": "MTcyMDM3NzEyMjcxM18x",
            "type": "data"
          },
          "sensitive_attributes": [],
          "dependencies": [
            "aws_iam_role.graphgrc_kb"
          ]
        }
      ]
    },
    {
      "mode": "managed",
      "type": "aws_opensearchserverless_collection",
      "name": "graphgrc_kb",
      "provider": "provider[\"registry.terraform.io/hashicorp/aws\"]",
      "instances": [
        {
          "schema_version": 0,
          "attributes": {
            "arn": "arn:aws:aoss:us-east-1:587066264960:collection/bl50twbd80xafpg2cu8",
            "collection_endpoint": "https://bl50twbd80xafpg2cu8.us-east-1.aoss.amazonaws.com",
            "dashboard_endpoint": "https://bl50twbd80xafpg2cu8.us-east-1.aoss.amazonaws.com/_dashboards",
            "description": null,
            "id": "bl50twbd80xafpg2cu8",
            "kms_key_arn": "auto",
            "name": "graphgrc-kb",
            "standby_replicas": "ENABLED",
            "tags": null,
            "tags_all": {},
            "timeouts": null,
            "type": "VECTORSEARCH"
          },
          "sensitive_attributes": [],
          "dependencies": [
            "aws_iam_role.graphgrc_kb",
            "aws_opensearchserverless_access_policy.graphgrc_kb",
            "aws_opensearchserverless_security_policy.graphgrc_kb_encryption",
            "aws_opensearchserverless_security_policy.graphgrc_kb_network"
          ]
        }
      ]
    },
    {
      "mode": "managed",
      "type": "aws_opensearchserverless_security_policy",
      "name": "graphgrc_kb_encryption",
      "provider": "provider[\"registry.terraform.io/hashicorp/aws\"]",
      "instances": [
        {
          "schema_version": 0,
          "attributes": {
            "description": null,
            "id": "graphgrc-kb",
            "name": "graphgrc-kb",
            "policy": "{\"AWSOwnedKey\":true,\"Rules\":[{\"Resource\":[\"collection/graphgrc-kb\"],\"ResourceType\":\"collection\"}]}",
            "policy_version": "MTcyMDM3NzEyMTg3Nl8x",
            "type": "encryption"
          },
          "sensitive_attributes": []
        }
      ]
    },
    {
      "mode": "managed",
      "type": "aws_opensearchserverless_security_policy",
      "name": "graphgrc_kb_network",
      "provider": "provider[\"registry.terraform.io/hashicorp/aws\"]",
      "instances": [
        {
          "schema_version": 0,
          "attributes": {
            "description": null,
            "id": "graphgrc-kb",
            "name": "graphgrc-kb",
            "policy": "[{\"AllowFromPublic\":true,\"Rules\":[{\"Resource\":[\"collection/graphgrc-kb\"],\"ResourceType\":\"collection\"},{\"Resource\":[\"collection/graphgrc-kb\"],\"ResourceType\":\"dashboard\"}]}]",
            "policy_version": "MTcyMDM3NzEyMTg2OV8x",
            "type": "network"
          },
          "sensitive_attributes": []
        }
      ]
    },
    {
      "mode": "managed",
      "type": "aws_s3_bucket",
      "name": "graphgrc_kb",
      "provider": "provider[\"registry.terraform.io/hashicorp/aws\"]",
      "instances": [
        {
          "schema_version": 0,
          "attributes": {
            "acceleration_status": "",
            "acl": null,
            "arn": "arn:aws:s3:::graph-grc-kb-dev-dataset",
            "bucket": "graph-grc-kb-dev-dataset",
            "bucket_domain_name": "graph-grc-kb-dev-dataset.s3.amazonaws.com",
            "bucket_prefix": "",
            "bucket_regional_domain_name": "graph-grc-kb-dev-dataset.s3.us-east-1.amazonaws.com",
            "cors_rule": [],
            "force_destroy": true,
            "grant": [
              {
                "id": "ce271464df0c97df52fcde7e9d92e44c8f7c7eebe907dd13745e62fee17f3106",
                "permissions": [
                  "FULL_CONTROL"
                ],
                "type": "CanonicalUser",
                "uri": ""
              }
            ],
            "hosted_zone_id": "Z3AQBSTGFYJSTF",
            "id": "graph-grc-kb-dev-dataset",
            "lifecycle_rule": [],
            "logging": [],
            "object_lock_configuration": [],
            "object_lock_enabled": false,
            "policy": "",
            "region": "us-east-1",
            "replication_configuration": [],
            "request_payer": "BucketOwner",
            "server_side_encryption_configuration": [
              {
                "rule": [
                  {
                    "apply_server_side_encryption_by_default": [
                      {
                        "kms_master_key_id": "",
                        "sse_algorithm": "AES256"
                      }
                    ],
                    "bucket_key_enabled": false
                  }
                ]
              }
            ],
            "tags": {},
            "tags_all": {},
            "timeouts": null,
            "versioning": [
              {
                "enabled": true,
                "mfa_delete": false
              }
            ],
            "website": [],
            "website_domain": null,
            "website_endpoint": null
          },
          "sensitive_attributes": [],
          "private": "eyJlMmJmYjczMC1lY2FhLTExZTYtOGY4OC0zNDM2M2JjN2M0YzAiOnsiY3JlYXRlIjoxMjAwMDAwMDAwMDAwLCJkZWxldGUiOjM2MDAwMDAwMDAwMDAsInJlYWQiOjEyMDAwMDAwMDAwMDAsInVwZGF0ZSI6MTIwMDAwMDAwMDAwMH19"
        }
      ]
    },
    {
      "mode": "managed",
      "type": "aws_s3_bucket_server_side_encryption_configuration",
      "name": "graphgrc_kb",
      "provider": "provider[\"registry.terraform.io/hashicorp/aws\"]",
      "instances": [
        {
          "schema_version": 0,
          "attributes": {
            "bucket": "graph-grc-kb-dev-dataset",
            "expected_bucket_owner": "",
            "id": "graph-grc-kb-dev-dataset",
            "rule": [
              {
                "apply_server_side_encryption_by_default": [
                  {
                    "kms_master_key_id": "",
                    "sse_algorithm": "AES256"
                  }
                ],
                "bucket_key_enabled": false
              }
            ]
          },
          "sensitive_attributes": [],
          "private": "bnVsbA==",
          "dependencies": [
            "aws_s3_bucket.graphgrc_kb"
          ]
        }
      ]
    },
    {
      "mode": "managed",
      "type": "aws_s3_bucket_versioning",
      "name": "graphgrc_kb",
      "provider": "provider[\"registry.terraform.io/hashicorp/aws\"]",
      "instances": [
        {
          "schema_version": 0,
          "attributes": {
            "bucket": "graph-grc-kb-dev-dataset",
            "expected_bucket_owner": "",
            "id": "graph-grc-kb-dev-dataset",
            "mfa": null,
            "versioning_configuration": [
              {
                "mfa_delete": "",
                "status": "Enabled"
              }
            ]
          },
          "sensitive_attributes": [],
          "private": "bnVsbA==",
          "dependencies": [
            "aws_s3_bucket.graphgrc_kb",
            "aws_s3_bucket_server_side_encryption_configuration.graphgrc_kb"
          ]
        }
      ]
    },
    {
      "mode": "managed",
      "type": "opensearch_index",
      "name": "graphgrc_kb",
      "provider": "provider[\"registry.terraform.io/opensearch-project/opensearch\"]",
      "instances": [
        {
          "schema_version": 0,
          "attributes": {
            "aliases": null,
            "analysis_analyzer": null,
            "analysis_char_filter": null,
            "analysis_filter": null,
            "analysis_normalizer": null,
            "analysis_tokenizer": null,
            "analyze_max_token_count": null,
            "auto_expand_replicas": null,
            "blocks_metadata": null,
            "blocks_read": null,
            "blocks_read_only": null,
            "blocks_read_only_allow_delete": null,
            "blocks_write": null,
            "codec": null,
            "default_pipeline": null,
            "force_destroy": true,
            "gc_deletes": null,
            "highlight_max_analyzed_offset": null,
            "id": "bedrock-knowledge-base-default-index",
            "include_type_name": null,
            "index_knn": true,
            "index_knn_algo_param_ef_search": "512",
            "index_similarity_default": null,
            "indexing_slowlog_level": null,
            "indexing_slowlog_source": null,
            "indexing_slowlog_threshold_index_debug": null,
            "indexing_slowlog_threshold_index_info": null,
            "indexing_slowlog_threshold_index_trace": null,
            "indexing_slowlog_threshold_index_warn": null,
            "load_fixed_bitset_filters_eagerly": null,
            "mappings": "{\n  \"properties\": {\n    \"bedrock-knowledge-base-default-vector\": {\n      \"type\": \"knn_vector\",\n      \"dimension\": 1536,\n      \"method\": {\n        \"name\": \"hnsw\",\n        \"engine\": \"faiss\",\n        \"parameters\": {\n          \"m\": 16,\n          \"ef_construction\": 512\n        },\n        \"space_type\": \"l2\"\n      }\n    },\n    \"AMAZON_BEDROCK_METADATA\": {\n      \"type\": \"text\",\n      \"index\": \"false\"\n    },\n    \"AMAZON_BEDROCK_TEXT_CHUNK\": {\n      \"type\": \"text\",\n      \"index\": \"true\"\n    }\n  }\n}\n",
            "max_docvalue_fields_search": null,
            "max_inner_result_window": null,
            "max_ngram_diff": null,
            "max_refresh_listeners": null,
            "max_regex_length": null,
            "max_rescore_window": null,
            "max_result_window": null,
            "max_script_fields": null,
            "max_shingle_diff": null,
            "max_terms_count": null,
            "name": "bedrock-knowledge-base-default-index",
            "number_of_replicas": "0",
            "number_of_routing_shards": null,
            "number_of_shards": "2",
            "refresh_interval": null,
            "rollover_alias": null,
            "routing_allocation_enable": null,
            "routing_partition_size": null,
            "routing_rebalance_enable": null,
            "search_idle_after": null,
            "search_slowlog_level": null,
            "search_slowlog_threshold_fetch_debug": null,
            "search_slowlog_threshold_fetch_info": null,
            "search_slowlog_threshold_fetch_trace": null,
            "search_slowlog_threshold_fetch_warn": null,
            "search_slowlog_threshold_query_debug": null,
            "search_slowlog_threshold_query_info": null,
            "search_slowlog_threshold_query_trace": null,
            "search_slowlog_threshold_query_warn": null,
            "shard_check_on_startup": null,
            "sort_field": null,
            "sort_order": null
          },
          "sensitive_attributes": [],
          "private": "bnVsbA==",
          "dependencies": [
            "aws_iam_role.graphgrc_kb",
            "aws_opensearchserverless_access_policy.graphgrc_kb",
            "aws_opensearchserverless_collection.graphgrc_kb",
            "aws_opensearchserverless_security_policy.graphgrc_kb_encryption",
            "aws_opensearchserverless_security_policy.graphgrc_kb_network"
          ]
        }
      ]
    },
    {
      "mode": "managed",
      "type": "time_sleep",
      "name": "aws_iam_role_policy_graphgrc_kb",
      "provider": "provider[\"registry.terraform.io/hashicorp/time\"]",
      "instances": [
        {
          "schema_version": 0,
          "attributes": {
            "create_duration": "20s",
            "destroy_duration": null,
            "id": "2024-07-07T18:32:23Z",
            "triggers": null
          },
          "sensitive_attributes": [],
          "dependencies": [
            "aws_iam_role.graphgrc_kb",
            "aws_iam_role_policy.bedrock_kb",
            "data.aws_bedrock_foundation_model.kb"
          ]
        }
      ]
    }
  ],
  "check_results": null
}
